# This file is automatically @generated by Poetry and should not be changed by hand.

[[package]]
name = "comtypes"
version = "1.1.14"
description = "Pure Python COM package"
category = "main"
optional = false
python-versions = "*"
files = [
    {file = "comtypes-1.1.14-py2.py3-none-any.whl", hash = "sha256:7cdbe2dc65fe105eea97be04dc50ee3178747bcb64d802d7c0832416d75a87bd"},
    {file = "comtypes-1.1.14.zip", hash = "sha256:5d7caf6d3a86d51ddfc53e4548cae2dceee1b46672f8bd59679711dd01a934f2"},
]

[[package]]
name = "photoshop-python-api"
version = "0.21.1"
description = "Python API for Photoshop."
category = "main"
optional = false
python-versions = ">=3.7,<4.0"
files = [
    {file = "photoshop_python_api-0.21.1-py3-none-any.whl", hash = "sha256:a6073984c877aaaba86c3423ebd3f7e50ae8ee6bb7c30a35c3839b6f1946a270"},
    {file = "photoshop_python_api-0.21.1.tar.gz", hash = "sha256:114ba24ea860b713f37056541b735eaf0914884e658d7c4829c554011f2c33f4"},
]

[package.dependencies]
comtypes = ">=1.1.11,<2.0.0"
wheel = ">=0.38.0,<0.39.0"

[[package]]
name = "wheel"
version = "0.38.4"
description = "A built-package format for Python"
category = "main"
optional = false
python-versions = ">=3.7"
files = [
    {file = "wheel-0.38.4-py3-none-any.whl", hash = "sha256:b60533f3f5d530e971d6737ca6d58681ee434818fab630c83a734bb10c083ce8"},
    {file = "wheel-0.38.4.tar.gz", hash = "sha256:965f5259b566725405b05e7cf774052044b1ed30119b5d586b2703aafe8719ac"},
]

[package.extras]
test = ["pytest (>=3.0.0)"]

[metadata]
lock-version = "2.0"
python-versions = "^3.9"
content-hash = "ccd513918e1b6d53469a016545474d3e8add70361b62a66e5a01306860e8044d"
